{
  "name": "HooHacks-12",
  "lockfileVersion": 3,
  "requires": true,
  "packages": {
    "": {
      "devDependencies": {
        "@skeletonlabs/skeleton": "^3.1.1",
        "@skeletonlabs/skeleton-react": "^1.0.0"
      }
    },
    "node_modules/@skeletonlabs/skeleton": {
      "version": "3.1.1",
      "resolved": "https://registry.npmjs.org/@skeletonlabs/skeleton/-/skeleton-3.1.1.tgz",
      "integrity": "sha512-qAf+qxfgj6sSySYG5WeBEKpaAAYQyC0qrD9wu+Myai5CUhSctvey7gq6aJlMWSHjte4wcRC+2f/tOzdQfPWOlA==",
      "dev": true,
      "license": "MIT",
      "peerDependencies": {
        "tailwindcss": "^4.0.0"
      }
    },
    "node_modules/@skeletonlabs/skeleton-react": {
      "version": "1.0.0",
      "resolved": "https://registry.npmjs.org/@skeletonlabs/skeleton-react/-/skeleton-react-1.0.0.tgz",
      "integrity": "sha512-rW7b4rvDYy9SnN5mdrHWPArVPy9s3oKFTIoQ5n/e3l2YeEf+QQ0/ppSig5KiM5YtDt1X/atuuSFtGh6142/t2Q==",
      "dev": true,
      "dependencies": {
        "@zag-js/accordion": "^1.3.1",
        "@zag-js/avatar": "^1.3.1",
        "@zag-js/file-upload": "^1.3.1",
        "@zag-js/pagination": "^1.3.1",
        "@zag-js/progress": "^1.3.1",
        "@zag-js/radio-group": "^1.3.1",
        "@zag-js/rating-group": "^1.3.1",
        "@zag-js/react": "^1.3.1",
        "@zag-js/slider": "^1.3.1",
        "@zag-js/switch": "^1.3.1",
        "@zag-js/tabs": "^1.3.1",
        "@zag-js/tags-input": "^1.3.1"
      },
      "peerDependencies": {
        "@skeletonlabs/skeleton": "^3.0.0",
        "react": "^18.0.0 || ^19.0.0",
        "react-dom": "^18.0.0 || ^19.0.0"
      }
    },
    "node_modules/@zag-js/accordion": {
      "version": "1.7.0",
      "resolved": "https://registry.npmjs.org/@zag-js/accordion/-/accordion-1.7.0.tgz",
      "integrity": "sha512-LNJOjLTW2KwrToXBrXIbNIAiISA94n0AdWp14H8RrskdokywmEGiC0GgWTGEJ7DNA6TGP6Ae5o9rJ4fHSmCsDQ==",
      "dev": true,
      "license": "MIT",
      "dependencies": {
        "@zag-js/anatomy": "1.7.0",
        "@zag-js/core": "1.7.0",
        "@zag-js/dom-query": "1.7.0",
        "@zag-js/types": "1.7.0",
        "@zag-js/utils": "1.7.0"
      }
    },
    "node_modules/@zag-js/anatomy": {
      "version": "1.7.0",
      "resolved": "https://registry.npmjs.org/@zag-js/anatomy/-/anatomy-1.7.0.tgz",
      "integrity": "sha512-fkRgH6vPCwykmRdV38uAJeTtJc8tayAnURfoovHAtB9bK0goagPbpdcYTNyGn8msul0h+KBloOtnw4obvX0nPw==",
      "dev": true,
      "license": "MIT"
    },
    "node_modules/@zag-js/auto-resize": {
      "version": "1.7.0",
      "resolved": "https://registry.npmjs.org/@zag-js/auto-resize/-/auto-resize-1.7.0.tgz",
      "integrity": "sha512-ifWflzZc1fNJ+XUZaYpB220AiAr4l3Eczq8ELwj/ugg7T/10Wo0FkxTCVmCZfIiCMoqHuh/2oTX3PCTIwg6uxg==",
      "dev": true,
      "license": "MIT",
      "dependencies": {
        "@zag-js/dom-query": "1.7.0"
      }
    },
    "node_modules/@zag-js/avatar": {
      "version": "1.7.0",
      "resolved": "https://registry.npmjs.org/@zag-js/avatar/-/avatar-1.7.0.tgz",
      "integrity": "sha512-vzMCMpYIM2BIvPvK34VaRMUsUSpg3jwoxCzA31k+QrCmjm3ti8pLoT4waE01XHiaQwNPcTFbMWUi/nIQQKG14A==",
      "dev": true,
      "license": "MIT",
      "dependencies": {
        "@zag-js/anatomy": "1.7.0",
        "@zag-js/core": "1.7.0",
        "@zag-js/dom-query": "1.7.0",
        "@zag-js/types": "1.7.0",
        "@zag-js/utils": "1.7.0"
      }
    },
    "node_modules/@zag-js/core": {
      "version": "1.7.0",
      "resolved": "https://registry.npmjs.org/@zag-js/core/-/core-1.7.0.tgz",
      "integrity": "sha512-FyK1POPqgBp7DBpUIwvmBQH16+L52NaTaQJzg8iTI9mI/4m3AxZ5aN+8a8qzwGIkVI6rlDcrBkmuOcHDVIOEGA==",
      "dev": true,
      "license": "MIT",
      "dependencies": {
        "@zag-js/dom-query": "1.7.0",
        "@zag-js/utils": "1.7.0"
      }
    },
    "node_modules/@zag-js/dom-query": {
      "version": "1.7.0",
      "resolved": "https://registry.npmjs.org/@zag-js/dom-query/-/dom-query-1.7.0.tgz",
      "integrity": "sha512-cj+mKB7Sj7mqAepHMsbV4bGvDJfUYCt4d4ruYw0dVpDa1Z9N38TtztTznfrm9kuqOYcJkgE0q3Rn/kPLi8rK8g==",
      "dev": true,
      "license": "MIT",
      "dependencies": {
        "@zag-js/types": "1.7.0"
      }
    },
    "node_modules/@zag-js/element-rect": {
      "version": "1.7.0",
      "resolved": "https://registry.npmjs.org/@zag-js/element-rect/-/element-rect-1.7.0.tgz",
      "integrity": "sha512-j0h1+DASUI5urwBCELdjfk4oekLQ0D2v3a1wQJopGh+ITRVAC1gE1YFx3O+vnP2HwqANxG4+RQHwoQBM2bMBCQ==",
      "dev": true,
      "license": "MIT"
    },
    "node_modules/@zag-js/element-size": {
      "version": "1.7.0",
      "resolved": "https://registry.npmjs.org/@zag-js/element-size/-/element-size-1.7.0.tgz",
      "integrity": "sha512-Nq+HxG64Ts1QvaJPeDuy8zo/RqcbE95RPNVuHBwuxK3sbXOt7umgIrxQMp8uH+1xeJlp7F8/ydKOPyKOTtgiJg==",
      "dev": true,
      "license": "MIT"
    },
    "node_modules/@zag-js/file-upload": {
      "version": "1.7.0",
      "resolved": "https://registry.npmjs.org/@zag-js/file-upload/-/file-upload-1.7.0.tgz",
      "integrity": "sha512-6yJhUDLYsqbd0YBO70PzMDNVJJv8OdC0ZWrf51GMUSugGfSpvQZNDfpAW5Zkzqd4B5nkJDw5KiTSR5NYQlO7VA==",
      "dev": true,
      "license": "MIT",
      "dependencies": {
        "@zag-js/anatomy": "1.7.0",
        "@zag-js/core": "1.7.0",
        "@zag-js/dom-query": "1.7.0",
        "@zag-js/file-utils": "1.7.0",
        "@zag-js/i18n-utils": "1.7.0",
        "@zag-js/types": "1.7.0",
        "@zag-js/utils": "1.7.0"
      }
    },
    "node_modules/@zag-js/file-utils": {
      "version": "1.7.0",
      "resolved": "https://registry.npmjs.org/@zag-js/file-utils/-/file-utils-1.7.0.tgz",
      "integrity": "sha512-Wb1VoI7UquG1ckJPMFPnmgLg351NI55SXjsEq+CrqgKQCo0httYFLPlkOpp4AbGsoUFZxXRxEXDEVzq5kpPFzQ==",
      "dev": true,
      "license": "MIT",
      "dependencies": {
        "@zag-js/i18n-utils": "1.7.0"
      }
    },
    "node_modules/@zag-js/focus-visible": {
      "version": "1.7.0",
      "resolved": "https://registry.npmjs.org/@zag-js/focus-visible/-/focus-visible-1.7.0.tgz",
      "integrity": "sha512-ycrO6VetctoA7aaw83rnp3erDmQe2Zsyobzp4fzpMbOBTNWzMklt4Kz54xa1ntkia8CpSWVfoauORLlaZoDiAw==",
      "dev": true,
      "license": "MIT",
      "dependencies": {
        "@zag-js/dom-query": "1.7.0"
      }
    },
    "node_modules/@zag-js/i18n-utils": {
      "version": "1.7.0",
      "resolved": "https://registry.npmjs.org/@zag-js/i18n-utils/-/i18n-utils-1.7.0.tgz",
      "integrity": "sha512-CcDXxfobG2LlOU1m3xPzV5pXpCe0tSE9u+drtKMz7F/HOZkR3V0rpCCi/zKySPNa3uLC7G8efz1fGQXiOVKONw==",
      "dev": true,
      "license": "MIT",
      "dependencies": {
        "@zag-js/dom-query": "1.7.0"
      }
    },
    "node_modules/@zag-js/interact-outside": {
      "version": "1.7.0",
      "resolved": "https://registry.npmjs.org/@zag-js/interact-outside/-/interact-outside-1.7.0.tgz",
      "integrity": "sha512-tmsVQmcH2N2X2mG2/8/+WRIo9WbRVvLe1OZa3lzFYV4Mu5i+tNK1CHMESpoAd/RdjJ6AyTR2zYiH05WZe76gMw==",
      "dev": true,
      "license": "MIT",
      "dependencies": {
        "@zag-js/dom-query": "1.7.0",
        "@zag-js/utils": "1.7.0"
      }
    },
    "node_modules/@zag-js/live-region": {
      "version": "1.7.0",
      "resolved": "https://registry.npmjs.org/@zag-js/live-region/-/live-region-1.7.0.tgz",
      "integrity": "sha512-u2bYIAnBIY+GZqfPqxn2ZylOqE2blUVW7Yc2Z4Ey05K4JXSH2gKR3xPmJCS9/u8tcFKQz5L4KQ/98ntgBG2fGQ==",
      "dev": true,
      "license": "MIT"
    },
    "node_modules/@zag-js/pagination": {
      "version": "1.7.0",
      "resolved": "https://registry.npmjs.org/@zag-js/pagination/-/pagination-1.7.0.tgz",
      "integrity": "sha512-gIbJe1fIYlQCpXqWssET9CCmMWLvcz8OCCw7W3ASeLYRvUW3IzhkMAht5pEsvJEZ9tIWaab5fZ7OLqcgCTgVQw==",
      "dev": true,
      "license": "MIT",
      "dependencies": {
        "@zag-js/anatomy": "1.7.0",
        "@zag-js/core": "1.7.0",
        "@zag-js/dom-query": "1.7.0",
        "@zag-js/types": "1.7.0",
        "@zag-js/utils": "1.7.0"
      }
    },
    "node_modules/@zag-js/progress": {
      "version": "1.7.0",
      "resolved": "https://registry.npmjs.org/@zag-js/progress/-/progress-1.7.0.tgz",
      "integrity": "sha512-dfjPtUGRZW0pURBalm55ACoN083EJ90cDT1RRRF72JhqlRJu/vSXngjSUFtYuG1WADGS3D7F5XIFMo+PAGynFg==",
      "dev": true,
      "license": "MIT",
      "dependencies": {
        "@zag-js/anatomy": "1.7.0",
        "@zag-js/core": "1.7.0",
        "@zag-js/dom-query": "1.7.0",
        "@zag-js/types": "1.7.0",
        "@zag-js/utils": "1.7.0"
      }
    },
    "node_modules/@zag-js/radio-group": {
      "version": "1.7.0",
      "resolved": "https://registry.npmjs.org/@zag-js/radio-group/-/radio-group-1.7.0.tgz",
      "integrity": "sha512-9NlI5fTh8ZVX5nXm7nU/ZheQLZpHwrHZeKRjomVQQALEWuMZ5YJtVXZaUT5xsCRTk+LEQVSaKp10+aD/5cIMlA==",
      "dev": true,
      "license": "MIT",
      "dependencies": {
        "@zag-js/anatomy": "1.7.0",
        "@zag-js/core": "1.7.0",
        "@zag-js/dom-query": "1.7.0",
        "@zag-js/element-rect": "1.7.0",
        "@zag-js/focus-visible": "1.7.0",
        "@zag-js/types": "1.7.0",
        "@zag-js/utils": "1.7.0"
      }
    },
    "node_modules/@zag-js/rating-group": {
      "version": "1.7.0",
      "resolved": "https://registry.npmjs.org/@zag-js/rating-group/-/rating-group-1.7.0.tgz",
      "integrity": "sha512-jDr8M+2fXTxB9l8qm8ktA362eM6Xt6FzIz0dKlV1JsYr5KamhsZ70Y8MPB6i3b45FGdDdj02a2aaWGLRUaRnrw==",
      "dev": true,
      "license": "MIT",
      "dependencies": {
        "@zag-js/anatomy": "1.7.0",
        "@zag-js/core": "1.7.0",
        "@zag-js/dom-query": "1.7.0",
        "@zag-js/types": "1.7.0",
        "@zag-js/utils": "1.7.0"
      }
    },
    "node_modules/@zag-js/react": {
      "version": "1.7.0",
      "resolved": "https://registry.npmjs.org/@zag-js/react/-/react-1.7.0.tgz",
      "integrity": "sha512-phr7WMVJcwfOkiLwtobGWkdzVGdZmVQYvF7w8awloW0j1+YF2OdMYDZK8RauHwmg+sEVmqtGeZPr40hZNnKhVQ==",
      "dev": true,
      "license": "MIT",
      "dependencies": {
        "@zag-js/core": "1.7.0",
        "@zag-js/store": "1.7.0",
        "@zag-js/types": "1.7.0",
        "@zag-js/utils": "1.7.0"
      },
      "peerDependencies": {
        "react": ">=18.0.0",
        "react-dom": ">=18.0.0"
      }
    },
    "node_modules/@zag-js/slider": {
      "version": "1.7.0",
      "resolved": "https://registry.npmjs.org/@zag-js/slider/-/slider-1.7.0.tgz",
      "integrity": "sha512-0h9ejtOWa4XjxApcCFyGt7By22kd6gG4PdUZgXiKlPCQFgYrxWXZqMlwH6ZtyD4VYUuRPJ05CezDU5KlmZD/3A==",
      "dev": true,
      "license": "MIT",
      "dependencies": {
        "@zag-js/anatomy": "1.7.0",
        "@zag-js/core": "1.7.0",
        "@zag-js/dom-query": "1.7.0",
        "@zag-js/element-size": "1.7.0",
        "@zag-js/types": "1.7.0",
        "@zag-js/utils": "1.7.0"
      }
    },
    "node_modules/@zag-js/store": {
      "version": "1.7.0",
      "resolved": "https://registry.npmjs.org/@zag-js/store/-/store-1.7.0.tgz",
      "integrity": "sha512-3n+AGo3Y3d1+SkEjY/6QPcDU5kfGu4DEA9qMxJgnnOlYT07SEWByMQD2uoEji9M9psHcVvxm86OnF3Y6UuTsuA==",
      "dev": true,
      "license": "MIT",
      "dependencies": {
        "proxy-compare": "3.0.1"
      }
    },
    "node_modules/@zag-js/switch": {
      "version": "1.7.0",
      "resolved": "https://registry.npmjs.org/@zag-js/switch/-/switch-1.7.0.tgz",
      "integrity": "sha512-sz3whYMAD949fJ5v9DegU43SrpUNKhoPOum4LOpoSrh364ePfm7ShsTIgJnqPrdMknr+17ljLx54tXPS1SsMTw==",
      "dev": true,
      "license": "MIT",
      "dependencies": {
        "@zag-js/anatomy": "1.7.0",
        "@zag-js/core": "1.7.0",
        "@zag-js/dom-query": "1.7.0",
        "@zag-js/focus-visible": "1.7.0",
        "@zag-js/types": "1.7.0",
        "@zag-js/utils": "1.7.0"
      }
    },
    "node_modules/@zag-js/tabs": {
      "version": "1.7.0",
      "resolved": "https://registry.npmjs.org/@zag-js/tabs/-/tabs-1.7.0.tgz",
      "integrity": "sha512-bAMp7Vhyis5j3BSKs4m0OwsbchRLLzFf6Yaf54CNraAUdKRwLQckznrajQLPI5F+BrHkGzMXvj/lt9jlGiKDcw==",
      "dev": true,
      "license": "MIT",
      "dependencies": {
        "@zag-js/anatomy": "1.7.0",
        "@zag-js/core": "1.7.0",
        "@zag-js/dom-query": "1.7.0",
        "@zag-js/element-rect": "1.7.0",
        "@zag-js/types": "1.7.0",
        "@zag-js/utils": "1.7.0"
      }
    },
    "node_modules/@zag-js/tags-input": {
      "version": "1.7.0",
      "resolved": "https://registry.npmjs.org/@zag-js/tags-input/-/tags-input-1.7.0.tgz",
      "integrity": "sha512-ME/KwP1yrPHX0bP0EqkHI30IQgrE2cAkREoRluM5ScpG3Uiug98x6+zts0YS9j1OB3pyTl0d4alECBruxN8cPA==",
      "dev": true,
      "license": "MIT",
      "dependencies": {
        "@zag-js/anatomy": "1.7.0",
        "@zag-js/auto-resize": "1.7.0",
        "@zag-js/core": "1.7.0",
        "@zag-js/dom-query": "1.7.0",
        "@zag-js/interact-outside": "1.7.0",
        "@zag-js/live-region": "1.7.0",
        "@zag-js/types": "1.7.0",
        "@zag-js/utils": "1.7.0"
      }
    },
    "node_modules/@zag-js/types": {
      "version": "1.7.0",
      "resolved": "https://registry.npmjs.org/@zag-js/types/-/types-1.7.0.tgz",
      "integrity": "sha512-rmPonVc8EBOGIEJYjzWIBQ6LJwUMc3LnipRREECO+n7LNlUQUliCOFbHw1UOGP+4ZkCKmxjGFR3jLtjY8aN4gQ==",
      "dev": true,
      "license": "MIT",
      "dependencies": {
        "csstype": "3.1.3"
      }
    },
    "node_modules/@zag-js/utils": {
      "version": "1.7.0",
      "resolved": "https://registry.npmjs.org/@zag-js/utils/-/utils-1.7.0.tgz",
      "integrity": "sha512-yIxvH5V27a1WuLgCxHX7qpdtFo8vTJaZLafBpSNfVYG4B8FaxTE+P7JAcpmAzs3UyXura/WfAY2eVWWVBpk9ZA==",
      "dev": true,
      "license": "MIT"
    },
    "node_modules/csstype": {
      "version": "3.1.3",
      "resolved": "https://registry.npmjs.org/csstype/-/csstype-3.1.3.tgz",
      "integrity": "sha512-M1uQkMl8rQK/szD0LNhtqxIPLpimGm8sOBwU7lLnCpSbTyY3yeU1Vc7l4KT5zT4s/yOxHH5O7tIuuLOCnLADRw==",
      "dev": true,
      "license": "MIT"
    },
    "node_modules/proxy-compare": {
      "version": "3.0.1",
      "resolved": "https://registry.npmjs.org/proxy-compare/-/proxy-compare-3.0.1.tgz",
      "integrity": "sha512-V9plBAt3qjMlS1+nC8771KNf6oJ12gExvaxnNzN/9yVRLdTv/lc+oJlnSzrdYDAvBfTStPCoiaCOTmTs0adv7Q==",
      "dev": true,
      "license": "MIT"
    },
    "node_modules/react": {
      "version": "19.1.0",
      "resolved": "https://registry.npmjs.org/react/-/react-19.1.0.tgz",
      "integrity": "sha512-FS+XFBNvn3GTAWq26joslQgWNoFu08F4kl0J4CgdNKADkdSGXQyTCnKteIAJy96Br6YbpEU1LSzV5dYtjMkMDg==",
      "dev": true,
      "license": "MIT",
      "peer": true,
      "engines": {
        "node": ">=0.10.0"
      }
    },
    "node_modules/react-dom": {
      "version": "19.1.0",
      "resolved": "https://registry.npmjs.org/react-dom/-/react-dom-19.1.0.tgz",
      "integrity": "sha512-Xs1hdnE+DyKgeHJeJznQmYMIBG3TKIHJJT95Q58nHLSrElKlGQqDTR2HQ9fx5CN/Gk6Vh/kupBTDLU11/nDk/g==",
      "dev": true,
      "license": "MIT",
      "peer": true,
      "dependencies": {
        "scheduler": "^0.26.0"
      },
      "peerDependencies": {
        "react": "^19.1.0"
      }
    },
    "node_modules/scheduler": {
      "version": "0.26.0",
      "resolved": "https://registry.npmjs.org/scheduler/-/scheduler-0.26.0.tgz",
      "integrity": "sha512-NlHwttCI/l5gCPR3D1nNXtWABUmBwvZpEQiD4IXSbIDq8BzLIK/7Ir5gTFSGZDUu37K5cMNp0hFtzO38sC7gWA==",
      "dev": true,
      "license": "MIT",
      "peer": true
    },
    "node_modules/tailwindcss": {
      "version": "4.0.17",
      "resolved": "https://registry.npmjs.org/tailwindcss/-/tailwindcss-4.0.17.tgz",
      "integrity": "sha512-OErSiGzRa6rLiOvaipsDZvLMSpsBZ4ysB4f0VKGXUrjw2jfkJRd6kjRKV2+ZmTCNvwtvgdDam5D7w6WXsdLJZw==",
      "dev": true,
      "license": "MIT",
      "peer": true
    }
  }
}
